
Microsoft Visual Studio Solution File, Format Version 12.00
# Visual Studio Version 17
VisualStudioVersion = 17.0.31903.59
MinimumVisualStudioVersion = 10.0.40219.1
Project("{2150E333-8FDC-42A3-9474-1A3956D46DE8}") = "src", "src", "{827E0CD3-B72D-47B6-A68D-7590B98EB39B}"
EndProject
Project("{FAE04EC0-301F-11D3-BF4B-00C04F79EFBC}") = "Player.Core", "src\Player.Core\Player.Core.csproj", "{92C7E370-CF29-4BB2-84C8-F06D2D134E0B}"
EndProject
Project("{FAE04EC0-301F-11D3-BF4B-00C04F79EFBC}") = "Player.App", "src\Player.App\Player.App.csproj", "{FE1CAEA5-4EFE-4FCA-982E-8E4A74EF6BBF}"
EndProject
Project("{2150E333-8FDC-42A3-9474-1A3956D46DE8}") = "tests", "tests", "{0AB3BF05-4346-4AA6-1389-037BE0695223}"
EndProject
Project("{FAE04EC0-301F-11D3-BF4B-00C04F79EFBC}") = "Player.Core.Tests", "tests\Player.Core.Tests\Player.Core.Tests.csproj", "{FF354652-8A56-4ABE-9540-F89CC58FCB68}"
EndProject
Project("{2150E333-8FDC-42A3-9474-1A3956D46DE8}") = "tools", "tools", "{07C2787E-EAC7-C090-1BA3-A61EC2A24D84}"
EndProject
Project("{FAE04EC0-301F-11D3-BF4B-00C04F79EFBC}") = "Player.AudioSmoke", "tools\Player.AudioSmoke\Player.AudioSmoke.csproj", "{6DD66A5B-010F-4C03-BDD6-2D890187C46B}"
EndProject
Project("{FAE04EC0-301F-11D3-BF4B-00C04F79EFBC}") = "MPswift.TagRepair", "tools\MPswift.TagRepair\MPswift.TagRepair.csproj", "{76FFD682-8A66-4AC4-ACE9-CE0E2317A620}"
EndProject
Project("{FAE04EC0-301F-11D3-BF4B-00C04F79EFBC}") = "MPswift.TagRepair.Tests", "tests\MPswift.TagRepair.Tests\MPswift.TagRepair.Tests.csproj", "{7B2ED82C-C4A2-41B2-A90E-D0601F98C9AD}"
EndProject
Global
	GlobalSection(SolutionConfigurationPlatforms) = preSolution
		Debug|Any CPU = Debug|Any CPU
		Debug|x64 = Debug|x64
		Debug|x86 = Debug|x86
		Release|Any CPU = Release|Any CPU
		Release|x64 = Release|x64
		Release|x86 = Release|x86
	EndGlobalSection
	GlobalSection(ProjectConfigurationPlatforms) = postSolution
		{92C7E370-CF29-4BB2-84C8-F06D2D134E0B}.Debug|Any CPU.ActiveCfg = Debug|Any CPU
		{92C7E370-CF29-4BB2-84C8-F06D2D134E0B}.Debug|Any CPU.Build.0 = Debug|Any CPU
		{92C7E370-CF29-4BB2-84C8-F06D2D134E0B}.Debug|x64.ActiveCfg = Debug|Any CPU
		{92C7E370-CF29-4BB2-84C8-F06D2D134E0B}.Debug|x64.Build.0 = Debug|Any CPU
		{92C7E370-CF29-4BB2-84C8-F06D2D134E0B}.Debug|x86.ActiveCfg = Debug|Any CPU
		{92C7E370-CF29-4BB2-84C8-F06D2D134E0B}.Debug|x86.Build.0 = Debug|Any CPU
		{92C7E370-CF29-4BB2-84C8-F06D2D134E0B}.Release|Any CPU.ActiveCfg = Release|Any CPU
		{92C7E370-CF29-4BB2-84C8-F06D2D134E0B}.Release|Any CPU.Build.0 = Release|Any CPU
		{92C7E370-CF29-4BB2-84C8-F06D2D134E0B}.Release|x64.ActiveCfg = Release|Any CPU
		{92C7E370-CF29-4BB2-84C8-F06D2D134E0B}.Release|x64.Build.0 = Release|Any CPU
		{92C7E370-CF29-4BB2-84C8-F06D2D134E0B}.Release|x86.ActiveCfg = Release|Any CPU
		{92C7E370-CF29-4BB2-84C8-F06D2D134E0B}.Release|x86.Build.0 = Release|Any CPU
		{FE1CAEA5-4EFE-4FCA-982E-8E4A74EF6BBF}.Debug|Any CPU.ActiveCfg = Debug|Any CPU
		{FE1CAEA5-4EFE-4FCA-982E-8E4A74EF6BBF}.Debug|Any CPU.Build.0 = Debug|Any CPU
		{FE1CAEA5-4EFE-4FCA-982E-8E4A74EF6BBF}.Debug|x64.ActiveCfg = Debug|Any CPU
		{FE1CAEA5-4EFE-4FCA-982E-8E4A74EF6BBF}.Debug|x64.Build.0 = Debug|Any CPU
		{FE1CAEA5-4EFE-4FCA-982E-8E4A74EF6BBF}.Debug|x86.ActiveCfg = Debug|Any CPU
		{FE1CAEA5-4EFE-4FCA-982E-8E4A74EF6BBF}.Debug|x86.Build.0 = Debug|Any CPU
		{FE1CAEA5-4EFE-4FCA-982E-8E4A74EF6BBF}.Release|Any CPU.ActiveCfg = Release|Any CPU
		{FE1CAEA5-4EFE-4FCA-982E-8E4A74EF6BBF}.Release|Any CPU.Build.0 = Release|Any CPU
		{FE1CAEA5-4EFE-4FCA-982E-8E4A74EF6BBF}.Release|x64.ActiveCfg = Release|Any CPU
		{FE1CAEA5-4EFE-4FCA-982E-8E4A74EF6BBF}.Release|x64.Build.0 = Release|Any CPU
		{FE1CAEA5-4EFE-4FCA-982E-8E4A74EF6BBF}.Release|x86.ActiveCfg = Release|Any CPU
		{FE1CAEA5-4EFE-4FCA-982E-8E4A74EF6BBF}.Release|x86.Build.0 = Release|Any CPU
		{FF354652-8A56-4ABE-9540-F89CC58FCB68}.Debug|Any CPU.ActiveCfg = Debug|Any CPU
		{FF354652-8A56-4ABE-9540-F89CC58FCB68}.Debug|Any CPU.Build.0 = Debug|Any CPU
		{FF354652-8A56-4ABE-9540-F89CC58FCB68}.Debug|x64.ActiveCfg = Debug|Any CPU
		{FF354652-8A56-4ABE-9540-F89CC58FCB68}.Debug|x64.Build.0 = Debug|Any CPU
		{FF354652-8A56-4ABE-9540-F89CC58FCB68}.Debug|x86.ActiveCfg = Debug|Any CPU
		{FF354652-8A56-4ABE-9540-F89CC58FCB68}.Debug|x86.Build.0 = Debug|Any CPU
		{FF354652-8A56-4ABE-9540-F89CC58FCB68}.Release|Any CPU.ActiveCfg = Release|Any CPU
		{FF354652-8A56-4ABE-9540-F89CC58FCB68}.Release|Any CPU.Build.0 = Release|Any CPU
		{FF354652-8A56-4ABE-9540-F89CC58FCB68}.Release|x64.ActiveCfg = Release|Any CPU
		{FF354652-8A56-4ABE-9540-F89CC58FCB68}.Release|x64.Build.0 = Release|Any CPU
		{FF354652-8A56-4ABE-9540-F89CC58FCB68}.Release|x86.ActiveCfg = Release|Any CPU
		{FF354652-8A56-4ABE-9540-F89CC58FCB68}.Release|x86.Build.0 = Release|Any CPU
		{6DD66A5B-010F-4C03-BDD6-2D890187C46B}.Debug|Any CPU.ActiveCfg = Debug|Any CPU
		{6DD66A5B-010F-4C03-BDD6-2D890187C46B}.Debug|Any CPU.Build.0 = Debug|Any CPU
		{6DD66A5B-010F-4C03-BDD6-2D890187C46B}.Debug|x64.ActiveCfg = Debug|Any CPU
		{6DD66A5B-010F-4C03-BDD6-2D890187C46B}.Debug|x64.Build.0 = Debug|Any CPU
		{6DD66A5B-010F-4C03-BDD6-2D890187C46B}.Debug|x86.ActiveCfg = Debug|Any CPU
		{6DD66A5B-010F-4C03-BDD6-2D890187C46B}.Debug|x86.Build.0 = Debug|Any CPU
		{6DD66A5B-010F-4C03-BDD6-2D890187C46B}.Release|Any CPU.ActiveCfg = Release|Any CPU
		{6DD66A5B-010F-4C03-BDD6-2D890187C46B}.Release|Any CPU.Build.0 = Release|Any CPU
		{6DD66A5B-010F-4C03-BDD6-2D890187C46B}.Release|x64.ActiveCfg = Release|Any CPU
		{6DD66A5B-010F-4C03-BDD6-2D890187C46B}.Release|x64.Build.0 = Release|Any CPU
		{6DD66A5B-010F-4C03-BDD6-2D890187C46B}.Release|x86.ActiveCfg = Release|Any CPU
		{6DD66A5B-010F-4C03-BDD6-2D890187C46B}.Release|x86.Build.0 = Release|Any CPU
		{76FFD682-8A66-4AC4-ACE9-CE0E2317A620}.Debug|Any CPU.ActiveCfg = Debug|Any CPU
		{76FFD682-8A66-4AC4-ACE9-CE0E2317A620}.Debug|Any CPU.Build.0 = Debug|Any CPU
		{76FFD682-8A66-4AC4-ACE9-CE0E2317A620}.Debug|x64.ActiveCfg = Debug|Any CPU
		{76FFD682-8A66-4AC4-ACE9-CE0E2317A620}.Debug|x64.Build.0 = Debug|Any CPU
		{76FFD682-8A66-4AC4-ACE9-CE0E2317A620}.Debug|x86.ActiveCfg = Debug|Any CPU
		{76FFD682-8A66-4AC4-ACE9-CE0E2317A620}.Debug|x86.Build.0 = Debug|Any CPU
		{76FFD682-8A66-4AC4-ACE9-CE0E2317A620}.Release|Any CPU.ActiveCfg = Release|Any CPU
		{76FFD682-8A66-4AC4-ACE9-CE0E2317A620}.Release|Any CPU.Build.0 = Release|Any CPU
		{76FFD682-8A66-4AC4-ACE9-CE0E2317A620}.Release|x64.ActiveCfg = Release|Any CPU
		{76FFD682-8A66-4AC4-ACE9-CE0E2317A620}.Release|x64.Build.0 = Release|Any CPU
		{76FFD682-8A66-4AC4-ACE9-CE0E2317A620}.Release|x86.ActiveCfg = Release|Any CPU
		{76FFD682-8A66-4AC4-ACE9-CE0E2317A620}.Release|x86.Build.0 = Release|Any CPU
		{7B2ED82C-C4A2-41B2-A90E-D0601F98C9AD}.Debug|Any CPU.ActiveCfg = Debug|Any CPU
		{7B2ED82C-C4A2-41B2-A90E-D0601F98C9AD}.Debug|Any CPU.Build.0 = Debug|Any CPU
		{7B2ED82C-C4A2-41B2-A90E-D0601F98C9AD}.Debug|x64.ActiveCfg = Debug|Any CPU
		{7B2ED82C-C4A2-41B2-A90E-D0601F98C9AD}.Debug|x64.Build.0 = Debug|Any CPU
		{7B2ED82C-C4A2-41B2-A90E-D0601F98C9AD}.Debug|x86.ActiveCfg = Debug|Any CPU
		{7B2ED82C-C4A2-41B2-A90E-D0601F98C9AD}.Debug|x86.Build.0 = Debug|Any CPU
		{7B2ED82C-C4A2-41B2-A90E-D0601F98C9AD}.Release|Any CPU.ActiveCfg = Release|Any CPU
		{7B2ED82C-C4A2-41B2-A90E-D0601F98C9AD}.Release|Any CPU.Build.0 = Release|Any CPU
		{7B2ED82C-C4A2-41B2-A90E-D0601F98C9AD}.Release|x64.ActiveCfg = Release|Any CPU
		{7B2ED82C-C4A2-41B2-A90E-D0601F98C9AD}.Release|x64.Build.0 = Release|Any CPU
		{7B2ED82C-C4A2-41B2-A90E-D0601F98C9AD}.Release|x86.ActiveCfg = Release|Any CPU
		{7B2ED82C-C4A2-41B2-A90E-D0601F98C9AD}.Release|x86.Build.0 = Release|Any CPU
	EndGlobalSection
	GlobalSection(SolutionProperties) = preSolution
		HideSolutionNode = FALSE
	EndGlobalSection
	GlobalSection(NestedProjects) = preSolution
		{92C7E370-CF29-4BB2-84C8-F06D2D134E0B} = {827E0CD3-B72D-47B6-A68D-7590B98EB39B}
		{FE1CAEA5-4EFE-4FCA-982E-8E4A74EF6BBF} = {827E0CD3-B72D-47B6-A68D-7590B98EB39B}
		{FF354652-8A56-4ABE-9540-F89CC58FCB68} = {0AB3BF05-4346-4AA6-1389-037BE0695223}
		{6DD66A5B-010F-4C03-BDD6-2D890187C46B} = {07C2787E-EAC7-C090-1BA3-A61EC2A24D84}
		{76FFD682-8A66-4AC4-ACE9-CE0E2317A620} = {07C2787E-EAC7-C090-1BA3-A61EC2A24D84}
		{7B2ED82C-C4A2-41B2-A90E-D0601F98C9AD} = {0AB3BF05-4346-4AA6-1389-037BE0695223}
	EndGlobalSection
EndGlobal
